
Microsoft Visual Studio Solution File, Format Version 12.00
# Visual Studio Version 16
VisualStudioVersion = 16.0.31727.386
MinimumVisualStudioVersion = 10.0.40219.1
Project("{9A19103F-16F7-4668-BE54-9A1E7A4F7556}") = "FATURA.Module", "FATURA.Module\FATURA.Module.csproj", "{2442F884-34EB-44B1-AA2A-98D7E9750A53}"
EndProject
Project("{9A19103F-16F7-4668-BE54-9A1E7A4F7556}") = "FATURA.Module.Win", "FATURA.Module.Win\FATURA.Module.Win.csproj", "{AF4C61C2-9B10-4758-9651-70D289C3D165}"
EndProject
Project("{9A19103F-16F7-4668-BE54-9A1E7A4F7556}") = "FATURA.Win", "FATURA.Win\FATURA.Win.csproj", "{243C15AE-20AC-4FBC-A156-624250EF4E78}"
EndProject
Project("{9A19103F-16F7-4668-BE54-9A1E7A4F7556}") = "FATURA.Module.Blazor", "FATURA.Module.Blazor\FATURA.Module.Blazor.csproj", "{9B5E7BE7-B0CF-4F5A-8EE6-49F36EE9FB68}"
EndProject
Project("{9A19103F-16F7-4668-BE54-9A1E7A4F7556}") = "FATURA.Blazor.Server", "FATURA.Blazor.Server\FATURA.Blazor.Server.csproj", "{13FF5D46-641D-4B8A-961E-BCEAFD4476DA}"
EndProject
Global
	GlobalSection(SolutionConfigurationPlatforms) = preSolution
		Debug|Any CPU = Debug|Any CPU
		EasyTest|Any CPU = EasyTest|Any CPU
		Release|Any CPU = Release|Any CPU
	EndGlobalSection
	GlobalSection(ProjectConfigurationPlatforms) = postSolution
		{2442F884-34EB-44B1-AA2A-98D7E9750A53}.Debug|Any CPU.ActiveCfg = Debug|Any CPU
		{2442F884-34EB-44B1-AA2A-98D7E9750A53}.Debug|Any CPU.Build.0 = Debug|Any CPU
		{2442F884-34EB-44B1-AA2A-98D7E9750A53}.EasyTest|Any CPU.ActiveCfg = EasyTest|Any CPU
		{2442F884-34EB-44B1-AA2A-98D7E9750A53}.EasyTest|Any CPU.Build.0 = EasyTest|Any CPU
		{2442F884-34EB-44B1-AA2A-98D7E9750A53}.Release|Any CPU.ActiveCfg = Release|Any CPU
		{2442F884-34EB-44B1-AA2A-98D7E9750A53}.Release|Any CPU.Build.0 = Release|Any CPU
		{AF4C61C2-9B10-4758-9651-70D289C3D165}.Debug|Any CPU.ActiveCfg = Debug|Any CPU
		{AF4C61C2-9B10-4758-9651-70D289C3D165}.Debug|Any CPU.Build.0 = Debug|Any CPU
		{AF4C61C2-9B10-4758-9651-70D289C3D165}.EasyTest|Any CPU.ActiveCfg = EasyTest|Any CPU
		{AF4C61C2-9B10-4758-9651-70D289C3D165}.EasyTest|Any CPU.Build.0 = EasyTest|Any CPU
		{AF4C61C2-9B10-4758-9651-70D289C3D165}.Release|Any CPU.ActiveCfg = Release|Any CPU
		{AF4C61C2-9B10-4758-9651-70D289C3D165}.Release|Any CPU.Build.0 = Release|Any CPU
		{243C15AE-20AC-4FBC-A156-624250EF4E78}.Debug|Any CPU.ActiveCfg = Debug|Any CPU
		{243C15AE-20AC-4FBC-A156-624250EF4E78}.Debug|Any CPU.Build.0 = Debug|Any CPU
		{243C15AE-20AC-4FBC-A156-624250EF4E78}.EasyTest|Any CPU.ActiveCfg = EasyTest|Any CPU
		{243C15AE-20AC-4FBC-A156-624250EF4E78}.EasyTest|Any CPU.Build.0 = EasyTest|Any CPU
		{243C15AE-20AC-4FBC-A156-624250EF4E78}.Release|Any CPU.ActiveCfg = Release|Any CPU
		{243C15AE-20AC-4FBC-A156-624250EF4E78}.Release|Any CPU.Build.0 = Release|Any CPU
		{9B5E7BE7-B0CF-4F5A-8EE6-49F36EE9FB68}.Debug|Any CPU.ActiveCfg = Debug|Any CPU
		{9B5E7BE7-B0CF-4F5A-8EE6-49F36EE9FB68}.Debug|Any CPU.Build.0 = Debug|Any CPU
		{9B5E7BE7-B0CF-4F5A-8EE6-49F36EE9FB68}.EasyTest|Any CPU.ActiveCfg = EasyTest|Any CPU
		{9B5E7BE7-B0CF-4F5A-8EE6-49F36EE9FB68}.EasyTest|Any CPU.Build.0 = EasyTest|Any CPU
		{9B5E7BE7-B0CF-4F5A-8EE6-49F36EE9FB68}.Release|Any CPU.ActiveCfg = Release|Any CPU
		{9B5E7BE7-B0CF-4F5A-8EE6-49F36EE9FB68}.Release|Any CPU.Build.0 = Release|Any CPU
		{13FF5D46-641D-4B8A-961E-BCEAFD4476DA}.Debug|Any CPU.ActiveCfg = Debug|Any CPU
		{13FF5D46-641D-4B8A-961E-BCEAFD4476DA}.Debug|Any CPU.Build.0 = Debug|Any CPU
		{13FF5D46-641D-4B8A-961E-BCEAFD4476DA}.EasyTest|Any CPU.ActiveCfg = EasyTest|Any CPU
		{13FF5D46-641D-4B8A-961E-BCEAFD4476DA}.EasyTest|Any CPU.Build.0 = EasyTest|Any CPU
		{13FF5D46-641D-4B8A-961E-BCEAFD4476DA}.Release|Any CPU.ActiveCfg = Release|Any CPU
		{13FF5D46-641D-4B8A-961E-BCEAFD4476DA}.Release|Any CPU.Build.0 = Release|Any CPU
	EndGlobalSection
	GlobalSection(SolutionProperties) = preSolution
		HideSolutionNode = FALSE
	EndGlobalSection
	GlobalSection(ExtensibilityGlobals) = postSolution
		SolutionGuid = {88156A0C-D477-457F-9A45-5DDEFB48584E}
	EndGlobalSection
EndGlobal
